<?xml version="1.0" encoding="utf-8"?>
<Project ToolsVersion="16.0" xmlns="http://schemas.microsoft.com/developer/msbuild/2003">
  <ItemGroup>
    <CustomBuild Include="C:\Users\might\projects\orionengine2.0\CMakeFiles\7f622e8ec54e0dcdabce013270b648fa\INSTALL_force.rule">
      <Filter>CMake Rules</Filter>
    </CustomBuild>
  </ItemGroup>
  <ItemGroup>
    <Filter Include="CMake Rules">
      <UniqueIdentifier>{458318BC-3131-3318-9321-EA3EFB6798C9}</UniqueIdentifier>
    </Filter>
  </ItemGroup>
</Project>
